
Microsoft Visual Studio Solution File, Format Version 12.00
# Visual Studio Version 17
VisualStudioVersion = 17.14.36705.20 d17.14
MinimumVisualStudioVersion = 10.0.40219.1
Project("{FAE04EC0-301F-11D3-BF4B-00C04F79EFBC}") = "CandyGrabberApi", "CandyGrabberApi\CandyGrabberApi.csproj", "{76FD5A3E-9D6B-40CB-A01D-0EF8698AF414}"
EndProject
Global
	GlobalSection(SolutionConfigurationPlatforms) = preSolution
		Debug|Any CPU = Debug|Any CPU
		Release|Any CPU = Release|Any CPU
	EndGlobalSection
	GlobalSection(ProjectConfigurationPlatforms) = postSolution
		{76FD5A3E-9D6B-40CB-A01D-0EF8698AF414}.Debug|Any CPU.ActiveCfg = Debug|Any CPU
		{76FD5A3E-9D6B-40CB-A01D-0EF8698AF414}.Debug|Any CPU.Build.0 = Debug|Any CPU
		{76FD5A3E-9D6B-40CB-A01D-0EF8698AF414}.Release|Any CPU.ActiveCfg = Release|Any CPU
		{76FD5A3E-9D6B-40CB-A01D-0EF8698AF414}.Release|Any CPU.Build.0 = Release|Any CPU
	EndGlobalSection
	GlobalSection(SolutionProperties) = preSolution
		HideSolutionNode = FALSE
	EndGlobalSection
	GlobalSection(ExtensibilityGlobals) = postSolution
		SolutionGuid = {0D63C14C-28C3-4E75-93A9-3B401608AE1F}
	EndGlobalSection
EndGlobal
